dependencies:
  bitsery:
    component_hash: 9a1cb61054875c1785399215a8bc1d59e816ebac27c3f447aef2ae693a66e3c6
    source:
      git: https://github.com/derkalaender/bitsery-esp.git
      path: .
      type: git
    version: 2b4336352905aaedfcafb0e0fcc3787923b6b1f0
  idf:
    component_hash: null
    source:
      type: idf
    version: 5.0.1
manifest_hash: fe356bb9d2461090be22e2f89409c06dc75a9a451ce34473b3245248b6307805
target: esp32
version: 1.0.0
